
Microsoft Visual Studio Solution File, Format Version 12.00
# Visual Studio 15
Project("{FAE04EC0-301F-11D3-BF4B-00C04F79EFBC}") = "Assembly-CSharp", "Assembly-CSharp.csproj", "{6870C443-60D0-53F0-0901-9FF3507F6656}"
EndProject
Project("{FAE04EC0-301F-11D3-BF4B-00C04F79EFBC}") = "Assembly-CSharp-Editor", "Assembly-CSharp-Editor.csproj", "{98BDAD83-9F26-D54B-05A4-6CEEE308F622}"
EndProject
Global
	GlobalSection(SolutionConfigurationPlatforms) = preSolution
		Debug|Any CPU = Debug|Any CPU
		Release|Any CPU = Release|Any CPU
	EndGlobalSection
	GlobalSection(ProjectConfigurationPlatforms) = postSolution
		{6870C443-60D0-53F0-0901-9FF3507F6656}.Debug|Any CPU.ActiveCfg = Debug|Any CPU
		{6870C443-60D0-53F0-0901-9FF3507F6656}.Debug|Any CPU.Build.0 = Debug|Any CPU
		{6870C443-60D0-53F0-0901-9FF3507F6656}.Release|Any CPU.ActiveCfg = Release|Any CPU
		{6870C443-60D0-53F0-0901-9FF3507F6656}.Release|Any CPU.Build.0 = Release|Any CPU
		{98BDAD83-9F26-D54B-05A4-6CEEE308F622}.Debug|Any CPU.ActiveCfg = Debug|Any CPU
		{98BDAD83-9F26-D54B-05A4-6CEEE308F622}.Debug|Any CPU.Build.0 = Debug|Any CPU
		{98BDAD83-9F26-D54B-05A4-6CEEE308F622}.Release|Any CPU.ActiveCfg = Release|Any CPU
		{98BDAD83-9F26-D54B-05A4-6CEEE308F622}.Release|Any CPU.Build.0 = Release|Any CPU
	EndGlobalSection
	GlobalSection(SolutionProperties) = preSolution
		HideSolutionNode = FALSE
	EndGlobalSection
EndGlobal
